
Microsoft Visual Studio Solution File, Format Version 12.00
# Visual Studio Version 16
VisualStudioVersion = 16.0.30907.101
MinimumVisualStudioVersion = 10.0.40219.1
Project("{FAE04EC0-301F-11D3-BF4B-00C04F79EFBC}") = "Event_Delegates", "Event_Delegates\Event_Delegates.csproj", "{D1334C46-39D1-4677-804B-3CF3FAC6B769}"
EndProject
Project("{FAE04EC0-301F-11D3-BF4B-00C04F79EFBC}") = "Event_Delegates_Console", "Event_Delegates_Console\Event_Delegates_Console.csproj", "{A9E84AFD-6708-4E21-B976-45876CEDFA83}"
EndProject
Project("{FAE04EC0-301F-11D3-BF4B-00C04F79EFBC}") = "Part2", "..\Part2\Part2.csproj", "{CC483010-CAA2-4050-8A8A-6FD7590C69B1}"
EndProject
Project("{FAE04EC0-301F-11D3-BF4B-00C04F79EFBC}") = "Part3", "..\Part3\Part3.csproj", "{89E7CB6A-75C0-4F0A-BC94-34F1BDA40A05}"
EndProject
Project("{FAE04EC0-301F-11D3-BF4B-00C04F79EFBC}") = "Part4", "..\Part4\Part4.csproj", "{98AE8778-E1A2-4057-A531-741ABCB47089}"
EndProject
Project("{FAE04EC0-301F-11D3-BF4B-00C04F79EFBC}") = "Part5", "..\Part5\Part5.csproj", "{B0A647FA-5AC8-4562-A6FA-D480B1F772BA}"
EndProject
Project("{FAE04EC0-301F-11D3-BF4B-00C04F79EFBC}") = "Part6", "..\Part6\Part6.csproj", "{347E6784-76F5-48ED-BF9D-9DDCD2541FCA}"
EndProject
Project("{FAE04EC0-301F-11D3-BF4B-00C04F79EFBC}") = "Part7", "..\Part7\Part7.csproj", "{78C4837C-7B91-415F-849E-CEFC8FF25623}"
EndProject
Project("{FAE04EC0-301F-11D3-BF4B-00C04F79EFBC}") = "Part8", "..\Part8\Part8.csproj", "{36E92734-35A3-4885-B645-6D6B77943340}"
EndProject
Project("{FAE04EC0-301F-11D3-BF4B-00C04F79EFBC}") = "Part9", "..\Part9\Part9.csproj", "{4A05509C-D246-4D3A-9868-96D345AE4E97}"
EndProject
Project("{FAE04EC0-301F-11D3-BF4B-00C04F79EFBC}") = "Part10", "..\Part10\Part10.csproj", "{CC76A937-CD98-4BE8-B41B-02F32BA48896}"
EndProject
Project("{FAE04EC0-301F-11D3-BF4B-00C04F79EFBC}") = "Part11", "..\Part11\Part11.csproj", "{418DA310-A6BF-47BC-BF1C-DF38D4724C4F}"
EndProject
Project("{FAE04EC0-301F-11D3-BF4B-00C04F79EFBC}") = "Part12", "..\Part12\Part12.csproj", "{355B1240-F8DA-4D8E-86FF-A43D15A070BB}"
EndProject
Project("{FAE04EC0-301F-11D3-BF4B-00C04F79EFBC}") = "Part13", "..\Part13\Part13.csproj", "{89E55E63-E9B2-48A9-8B8A-ED0E1ECDAE5F}"
EndProject
Project("{FAE04EC0-301F-11D3-BF4B-00C04F79EFBC}") = "Part14", "..\Part14\Part14.csproj", "{B7172F54-9891-44A0-8DA9-0D3091D3E26F}"
EndProject
Project("{FAE04EC0-301F-11D3-BF4B-00C04F79EFBC}") = "Part15", "..\Part15\Part15.csproj", "{9455437F-0106-474B-A51B-CDC3AEE61283}"
EndProject
Project("{FAE04EC0-301F-11D3-BF4B-00C04F79EFBC}") = "Part16", "..\Part16\Part16.csproj", "{5DA5C1E4-B898-4970-B930-F39CC9F6EDF7}"
EndProject
Project("{FAE04EC0-301F-11D3-BF4B-00C04F79EFBC}") = "Part17", "..\Part17\Part17.csproj", "{53E48128-9F01-42CB-83D8-B3D693743BBA}"
EndProject
Project("{FAE04EC0-301F-11D3-BF4B-00C04F79EFBC}") = "Part18", "..\Part18\Part18.csproj", "{7D725C60-F4C2-4314-8FDD-19DE88EDCB7D}"
EndProject
Project("{FAE04EC0-301F-11D3-BF4B-00C04F79EFBC}") = "Part19", "..\Part19\Part19.csproj", "{211B8AE0-A41C-43FD-8DBE-FBAC89AAF4AA}"
EndProject
Global
	GlobalSection(SolutionConfigurationPlatforms) = preSolution
		Debug|Any CPU = Debug|Any CPU
		Release|Any CPU = Release|Any CPU
	EndGlobalSection
	GlobalSection(ProjectConfigurationPlatforms) = postSolution
		{D1334C46-39D1-4677-804B-3CF3FAC6B769}.Debug|Any CPU.ActiveCfg = Debug|Any CPU
		{D1334C46-39D1-4677-804B-3CF3FAC6B769}.Debug|Any CPU.Build.0 = Debug|Any CPU
		{D1334C46-39D1-4677-804B-3CF3FAC6B769}.Release|Any CPU.ActiveCfg = Release|Any CPU
		{D1334C46-39D1-4677-804B-3CF3FAC6B769}.Release|Any CPU.Build.0 = Release|Any CPU
		{A9E84AFD-6708-4E21-B976-45876CEDFA83}.Debug|Any CPU.ActiveCfg = Debug|Any CPU
		{A9E84AFD-6708-4E21-B976-45876CEDFA83}.Debug|Any CPU.Build.0 = Debug|Any CPU
		{A9E84AFD-6708-4E21-B976-45876CEDFA83}.Release|Any CPU.ActiveCfg = Release|Any CPU
		{A9E84AFD-6708-4E21-B976-45876CEDFA83}.Release|Any CPU.Build.0 = Release|Any CPU
		{CC483010-CAA2-4050-8A8A-6FD7590C69B1}.Debug|Any CPU.ActiveCfg = Debug|Any CPU
		{CC483010-CAA2-4050-8A8A-6FD7590C69B1}.Debug|Any CPU.Build.0 = Debug|Any CPU
		{CC483010-CAA2-4050-8A8A-6FD7590C69B1}.Release|Any CPU.ActiveCfg = Release|Any CPU
		{CC483010-CAA2-4050-8A8A-6FD7590C69B1}.Release|Any CPU.Build.0 = Release|Any CPU
		{89E7CB6A-75C0-4F0A-BC94-34F1BDA40A05}.Debug|Any CPU.ActiveCfg = Debug|Any CPU
		{89E7CB6A-75C0-4F0A-BC94-34F1BDA40A05}.Debug|Any CPU.Build.0 = Debug|Any CPU
		{89E7CB6A-75C0-4F0A-BC94-34F1BDA40A05}.Release|Any CPU.ActiveCfg = Release|Any CPU
		{89E7CB6A-75C0-4F0A-BC94-34F1BDA40A05}.Release|Any CPU.Build.0 = Release|Any CPU
		{98AE8778-E1A2-4057-A531-741ABCB47089}.Debug|Any CPU.ActiveCfg = Debug|Any CPU
		{98AE8778-E1A2-4057-A531-741ABCB47089}.Debug|Any CPU.Build.0 = Debug|Any CPU
		{98AE8778-E1A2-4057-A531-741ABCB47089}.Release|Any CPU.ActiveCfg = Release|Any CPU
		{98AE8778-E1A2-4057-A531-741ABCB47089}.Release|Any CPU.Build.0 = Release|Any CPU
		{B0A647FA-5AC8-4562-A6FA-D480B1F772BA}.Debug|Any CPU.ActiveCfg = Debug|Any CPU
		{B0A647FA-5AC8-4562-A6FA-D480B1F772BA}.Debug|Any CPU.Build.0 = Debug|Any CPU
		{B0A647FA-5AC8-4562-A6FA-D480B1F772BA}.Release|Any CPU.ActiveCfg = Release|Any CPU
		{B0A647FA-5AC8-4562-A6FA-D480B1F772BA}.Release|Any CPU.Build.0 = Release|Any CPU
		{347E6784-76F5-48ED-BF9D-9DDCD2541FCA}.Debug|Any CPU.ActiveCfg = Debug|Any CPU
		{347E6784-76F5-48ED-BF9D-9DDCD2541FCA}.Debug|Any CPU.Build.0 = Debug|Any CPU
		{347E6784-76F5-48ED-BF9D-9DDCD2541FCA}.Release|Any CPU.ActiveCfg = Release|Any CPU
		{347E6784-76F5-48ED-BF9D-9DDCD2541FCA}.Release|Any CPU.Build.0 = Release|Any CPU
		{78C4837C-7B91-415F-849E-CEFC8FF25623}.Debug|Any CPU.ActiveCfg = Debug|Any CPU
		{78C4837C-7B91-415F-849E-CEFC8FF25623}.Debug|Any CPU.Build.0 = Debug|Any CPU
		{78C4837C-7B91-415F-849E-CEFC8FF25623}.Release|Any CPU.ActiveCfg = Release|Any CPU
		{78C4837C-7B91-415F-849E-CEFC8FF25623}.Release|Any CPU.Build.0 = Release|Any CPU
		{36E92734-35A3-4885-B645-6D6B77943340}.Debug|Any CPU.ActiveCfg = Debug|Any CPU
		{36E92734-35A3-4885-B645-6D6B77943340}.Debug|Any CPU.Build.0 = Debug|Any CPU
		{36E92734-35A3-4885-B645-6D6B77943340}.Release|Any CPU.ActiveCfg = Release|Any CPU
		{36E92734-35A3-4885-B645-6D6B77943340}.Release|Any CPU.Build.0 = Release|Any CPU
		{4A05509C-D246-4D3A-9868-96D345AE4E97}.Debug|Any CPU.ActiveCfg = Debug|Any CPU
		{4A05509C-D246-4D3A-9868-96D345AE4E97}.Debug|Any CPU.Build.0 = Debug|Any CPU
		{4A05509C-D246-4D3A-9868-96D345AE4E97}.Release|Any CPU.ActiveCfg = Release|Any CPU
		{4A05509C-D246-4D3A-9868-96D345AE4E97}.Release|Any CPU.Build.0 = Release|Any CPU
		{CC76A937-CD98-4BE8-B41B-02F32BA48896}.Debug|Any CPU.ActiveCfg = Debug|Any CPU
		{CC76A937-CD98-4BE8-B41B-02F32BA48896}.Debug|Any CPU.Build.0 = Debug|Any CPU
		{CC76A937-CD98-4BE8-B41B-02F32BA48896}.Release|Any CPU.ActiveCfg = Release|Any CPU
		{CC76A937-CD98-4BE8-B41B-02F32BA48896}.Release|Any CPU.Build.0 = Release|Any CPU
		{418DA310-A6BF-47BC-BF1C-DF38D4724C4F}.Debug|Any CPU.ActiveCfg = Debug|Any CPU
		{418DA310-A6BF-47BC-BF1C-DF38D4724C4F}.Debug|Any CPU.Build.0 = Debug|Any CPU
		{418DA310-A6BF-47BC-BF1C-DF38D4724C4F}.Release|Any CPU.ActiveCfg = Release|Any CPU
		{418DA310-A6BF-47BC-BF1C-DF38D4724C4F}.Release|Any CPU.Build.0 = Release|Any CPU
		{355B1240-F8DA-4D8E-86FF-A43D15A070BB}.Debug|Any CPU.ActiveCfg = Debug|Any CPU
		{355B1240-F8DA-4D8E-86FF-A43D15A070BB}.Debug|Any CPU.Build.0 = Debug|Any CPU
		{355B1240-F8DA-4D8E-86FF-A43D15A070BB}.Release|Any CPU.ActiveCfg = Release|Any CPU
		{355B1240-F8DA-4D8E-86FF-A43D15A070BB}.Release|Any CPU.Build.0 = Release|Any CPU
		{89E55E63-E9B2-48A9-8B8A-ED0E1ECDAE5F}.Debug|Any CPU.ActiveCfg = Debug|Any CPU
		{89E55E63-E9B2-48A9-8B8A-ED0E1ECDAE5F}.Debug|Any CPU.Build.0 = Debug|Any CPU
		{89E55E63-E9B2-48A9-8B8A-ED0E1ECDAE5F}.Release|Any CPU.ActiveCfg = Release|Any CPU
		{89E55E63-E9B2-48A9-8B8A-ED0E1ECDAE5F}.Release|Any CPU.Build.0 = Release|Any CPU
		{B7172F54-9891-44A0-8DA9-0D3091D3E26F}.Debug|Any CPU.ActiveCfg = Debug|Any CPU
		{B7172F54-9891-44A0-8DA9-0D3091D3E26F}.Debug|Any CPU.Build.0 = Debug|Any CPU
		{B7172F54-9891-44A0-8DA9-0D3091D3E26F}.Release|Any CPU.ActiveCfg = Release|Any CPU
		{B7172F54-9891-44A0-8DA9-0D3091D3E26F}.Release|Any CPU.Build.0 = Release|Any CPU
		{9455437F-0106-474B-A51B-CDC3AEE61283}.Debug|Any CPU.ActiveCfg = Debug|Any CPU
		{9455437F-0106-474B-A51B-CDC3AEE61283}.Debug|Any CPU.Build.0 = Debug|Any CPU
		{9455437F-0106-474B-A51B-CDC3AEE61283}.Release|Any CPU.ActiveCfg = Release|Any CPU
		{9455437F-0106-474B-A51B-CDC3AEE61283}.Release|Any CPU.Build.0 = Release|Any CPU
		{5DA5C1E4-B898-4970-B930-F39CC9F6EDF7}.Debug|Any CPU.ActiveCfg = Debug|Any CPU
		{5DA5C1E4-B898-4970-B930-F39CC9F6EDF7}.Debug|Any CPU.Build.0 = Debug|Any CPU
		{5DA5C1E4-B898-4970-B930-F39CC9F6EDF7}.Release|Any CPU.ActiveCfg = Release|Any CPU
		{5DA5C1E4-B898-4970-B930-F39CC9F6EDF7}.Release|Any CPU.Build.0 = Release|Any CPU
		{53E48128-9F01-42CB-83D8-B3D693743BBA}.Debug|Any CPU.ActiveCfg = Debug|Any CPU
		{53E48128-9F01-42CB-83D8-B3D693743BBA}.Debug|Any CPU.Build.0 = Debug|Any CPU
		{53E48128-9F01-42CB-83D8-B3D693743BBA}.Release|Any CPU.ActiveCfg = Release|Any CPU
		{53E48128-9F01-42CB-83D8-B3D693743BBA}.Release|Any CPU.Build.0 = Release|Any CPU
		{7D725C60-F4C2-4314-8FDD-19DE88EDCB7D}.Debug|Any CPU.ActiveCfg = Debug|Any CPU
		{7D725C60-F4C2-4314-8FDD-19DE88EDCB7D}.Debug|Any CPU.Build.0 = Debug|Any CPU
		{7D725C60-F4C2-4314-8FDD-19DE88EDCB7D}.Release|Any CPU.ActiveCfg = Release|Any CPU
		{7D725C60-F4C2-4314-8FDD-19DE88EDCB7D}.Release|Any CPU.Build.0 = Release|Any CPU
		{211B8AE0-A41C-43FD-8DBE-FBAC89AAF4AA}.Debug|Any CPU.ActiveCfg = Debug|Any CPU
		{211B8AE0-A41C-43FD-8DBE-FBAC89AAF4AA}.Debug|Any CPU.Build.0 = Debug|Any CPU
		{211B8AE0-A41C-43FD-8DBE-FBAC89AAF4AA}.Release|Any CPU.ActiveCfg = Release|Any CPU
		{211B8AE0-A41C-43FD-8DBE-FBAC89AAF4AA}.Release|Any CPU.Build.0 = Release|Any CPU
	EndGlobalSection
	GlobalSection(SolutionProperties) = preSolution
		HideSolutionNode = FALSE
	EndGlobalSection
	GlobalSection(ExtensibilityGlobals) = postSolution
		SolutionGuid = {13E1177C-909D-426B-BD29-8AD5D86DECC2}
	EndGlobalSection
EndGlobal
